
Microsoft Visual Studio Solution File, Format Version 11.00
# Visual Studio 2010
Project("{FAE04EC0-301F-11D3-BF4B-00C04F79EFBC}") = "DbVersion", "DbVersion\DbVersion.csproj", "{4D68C109-C7E6-493E-8A0F-8E52EE9D9A55}"
EndProject
Project("{FAE04EC0-301F-11D3-BF4B-00C04F79EFBC}") = "DbVersionTestConsole", "DbVersionTestConsole\DbVersionTestConsole.csproj", "{A3E494A1-32C7-4805-BBBA-55BC86294632}"
EndProject
Global
	GlobalSection(SolutionConfigurationPlatforms) = preSolution
		Debug|Any CPU = Debug|Any CPU
		Debug|Mixed Platforms = Debug|Mixed Platforms
		Debug|x86 = Debug|x86
		Release|Any CPU = Release|Any CPU
		Release|Mixed Platforms = Release|Mixed Platforms
		Release|x86 = Release|x86
	EndGlobalSection
	GlobalSection(ProjectConfigurationPlatforms) = postSolution
		{4D68C109-C7E6-493E-8A0F-8E52EE9D9A55}.Debug|Any CPU.ActiveCfg = Debug|Any CPU
		{4D68C109-C7E6-493E-8A0F-8E52EE9D9A55}.Debug|Any CPU.Build.0 = Debug|Any CPU
		{4D68C109-C7E6-493E-8A0F-8E52EE9D9A55}.Debug|Mixed Platforms.ActiveCfg = Debug|Any CPU
		{4D68C109-C7E6-493E-8A0F-8E52EE9D9A55}.Debug|Mixed Platforms.Build.0 = Debug|Any CPU
		{4D68C109-C7E6-493E-8A0F-8E52EE9D9A55}.Debug|x86.ActiveCfg = Debug|Any CPU
		{4D68C109-C7E6-493E-8A0F-8E52EE9D9A55}.Release|Any CPU.ActiveCfg = Release|Any CPU
		{4D68C109-C7E6-493E-8A0F-8E52EE9D9A55}.Release|Any CPU.Build.0 = Release|Any CPU
		{4D68C109-C7E6-493E-8A0F-8E52EE9D9A55}.Release|Mixed Platforms.ActiveCfg = Release|Any CPU
		{4D68C109-C7E6-493E-8A0F-8E52EE9D9A55}.Release|Mixed Platforms.Build.0 = Release|Any CPU
		{4D68C109-C7E6-493E-8A0F-8E52EE9D9A55}.Release|x86.ActiveCfg = Release|Any CPU
		{A3E494A1-32C7-4805-BBBA-55BC86294632}.Debug|Any CPU.ActiveCfg = Debug|x86
		{A3E494A1-32C7-4805-BBBA-55BC86294632}.Debug|Mixed Platforms.ActiveCfg = Debug|x86
		{A3E494A1-32C7-4805-BBBA-55BC86294632}.Debug|Mixed Platforms.Build.0 = Debug|x86
		{A3E494A1-32C7-4805-BBBA-55BC86294632}.Debug|x86.ActiveCfg = Debug|x86
		{A3E494A1-32C7-4805-BBBA-55BC86294632}.Debug|x86.Build.0 = Debug|x86
		{A3E494A1-32C7-4805-BBBA-55BC86294632}.Release|Any CPU.ActiveCfg = Release|x86
		{A3E494A1-32C7-4805-BBBA-55BC86294632}.Release|Mixed Platforms.ActiveCfg = Release|x86
		{A3E494A1-32C7-4805-BBBA-55BC86294632}.Release|Mixed Platforms.Build.0 = Release|x86
		{A3E494A1-32C7-4805-BBBA-55BC86294632}.Release|x86.ActiveCfg = Release|x86
		{A3E494A1-32C7-4805-BBBA-55BC86294632}.Release|x86.Build.0 = Release|x86
	EndGlobalSection
	GlobalSection(SolutionProperties) = preSolution
		HideSolutionNode = FALSE
	EndGlobalSection
EndGlobal
